<?xml version="1.0" encoding="utf-8"?>
<Project ToolsVersion="4.0" xmlns="http://schemas.microsoft.com/developer/msbuild/2003">
  <ItemGroup>
    <Filter Include="Source Files">
      <UniqueIdentifier>{4FC737F1-C7A5-4376-A066-2A32D752A2FF}</UniqueIdentifier>
      <Extensions>cpp;c;cc;cxx;def;odl;idl;hpj;bat;asm;asmx</Extensions>
    </Filter>
    <Filter Include="Header Files">
      <UniqueIdentifier>{93995380-89BD-4b04-88EB-625FBE52EBFB}</UniqueIdentifier>
      <Extensions>h;hh;hpp;hxx;hm;inl;inc;xsd</Extensions>
    </Filter>
    <Filter Include="Resource Files">
      <UniqueIdentifier>{67DA6AB6-F800-4c08-8B7A-83BB121AAD01}</UniqueIdentifier>
      <Extensions>rc;ico;cur;bmp;dlg;rc2;rct;bin;rgs;gif;jpg;jpeg;jpe;resx;tiff;tif;png;wav;mfcribbon-ms</Extensions>
    </Filter>
    <Filter Include="Header Files\Util">
      <UniqueIdentifier>{3ab97016-c1d6-4dc9-9eb5-0af5a6106d82}</UniqueIdentifier>
    </Filter>
    <Filter Include="Source Files\Util">
      <UniqueIdentifier>{4f532bd2-bced-4d1b-90e3-fc0f907cb781}</UniqueIdentifier>
    </Filter>
  </ItemGroup>
  <ItemGroup>
    <ClInclude Include="Logger.hpp">
      <Filter>Header Files\Util</Filter>
    </ClInclude>
    <ClInclude Include="reversing_help.h">
      <Filter>Header Files</Filter>
    </ClInclude>
    <ClInclude Include="cheat.h">
      <Filter>Header Files</Filter>
    </ClInclude>
    <ClInclude Include="glDraw.h">
      <Filter>Header Files\Util</Filter>
    </ClInclude>
    <ClInclude Include="gltext.h">
      <Filter>Header Files\Util</Filter>
    </ClInclude>
    <ClInclude Include="mem.h">
      <Filter>Header Files\Util</Filter>
    </ClInclude>
    <ClInclude Include="worldToScreen.h">
      <Filter>Header Files\Util</Filter>
    </ClInclude>
    <ClInclude Include="CFont.hpp">
      <Filter>Header Files\Util</Filter>
    </ClInclude>
    <ClInclude Include="structures.h">
      <Filter>Header Files</Filter>
    </ClInclude>
  </ItemGroup>
  <ItemGroup>
    <ClCompile Include="Assault Cube.cpp">
      <Filter>Source Files</Filter>
    </ClCompile>
    <ClCompile Include="Logger.cpp">
      <Filter>Source Files\Util</Filter>
    </ClCompile>
    <ClCompile Include="cheat.cpp">
      <Filter>Source Files</Filter>
    </ClCompile>
    <ClCompile Include="glDraw.cpp">
      <Filter>Source Files\Util</Filter>
    </ClCompile>
    <ClCompile Include="gltext.cpp">
      <Filter>Source Files\Util</Filter>
    </ClCompile>
    <ClCompile Include="mem.cpp">
      <Filter>Source Files\Util</Filter>
    </ClCompile>
  </ItemGroup>
</Project>